
Microsoft Visual Studio Solution File, Format Version 12.00
# Visual Studio Version 16
VisualStudioVersion = 16.0.31702.278
MinimumVisualStudioVersion = 10.0.40219.1
Project("{FAE04EC0-301F-11D3-BF4B-00C04F79EFBC}") = "Ejercicio2-arreglos", "Ejercicio2-arreglos\Ejercicio2-arreglos.csproj", "{78F08F63-6814-4794-A3E0-08BAE1F9AEAB}"
EndProject
Global
	GlobalSection(SolutionConfigurationPlatforms) = preSolution
		Debug|Any CPU = Debug|Any CPU
		Release|Any CPU = Release|Any CPU
	EndGlobalSection
	GlobalSection(ProjectConfigurationPlatforms) = postSolution
		{78F08F63-6814-4794-A3E0-08BAE1F9AEAB}.Debug|Any CPU.ActiveCfg = Debug|Any CPU
		{78F08F63-6814-4794-A3E0-08BAE1F9AEAB}.Debug|Any CPU.Build.0 = Debug|Any CPU
		{78F08F63-6814-4794-A3E0-08BAE1F9AEAB}.Release|Any CPU.ActiveCfg = Release|Any CPU
		{78F08F63-6814-4794-A3E0-08BAE1F9AEAB}.Release|Any CPU.Build.0 = Release|Any CPU
	EndGlobalSection
	GlobalSection(SolutionProperties) = preSolution
		HideSolutionNode = FALSE
	EndGlobalSection
	GlobalSection(ExtensibilityGlobals) = postSolution
		SolutionGuid = {3A6DDBC4-B43E-4751-B813-338347581E76}
	EndGlobalSection
EndGlobal
